// !$*UTF8*$!
{
	archiveVersion = 1;
	classes = {
	};
	objectVersion = 50;
	objects = {

/* Begin PBXBuildFile section */
		E522A1CC2491163C006ADE19 /* StationsRepository.swift in Sources */ = {isa = PBXBuildFile; fileRef = E522A1CB2491163C006ADE19 /* StationsRepository.swift */; };
		E522A1D024911A2C006ADE19 /* BaseViewController.swift in Sources */ = {isa = PBXBuildFile; fileRef = E522A1CF24911A2C006ADE19 /* BaseViewController.swift */; };
		E522A1D424911DB3006ADE19 /* TrainStationFilterViewController.swift in Sources */ = {isa = PBXBuildFile; fileRef = E522A1D224911DB3006ADE19 /* TrainStationFilterViewController.swift */; };
		E522A1D524911DB3006ADE19 /* TrainStationFilterViewController.xib in Resources */ = {isa = PBXBuildFile; fileRef = E522A1D324911DB3006ADE19 /* TrainStationFilterViewController.xib */; };
		E522A1DC24913439006ADE19 /* PickerView.swift in Sources */ = {isa = PBXBuildFile; fileRef = E522A1DB24913439006ADE19 /* PickerView.swift */; };
		E522A1DE24913449006ADE19 /* PickerView.xib in Resources */ = {isa = PBXBuildFile; fileRef = E522A1DD24913449006ADE19 /* PickerView.xib */; };
		E522A1E024914345006ADE19 /* StationType.swift in Sources */ = {isa = PBXBuildFile; fileRef = E522A1DF24914345006ADE19 /* StationType.swift */; };
		E522A1E22491748B006ADE19 /* StationDetailsRepository.swift in Sources */ = {isa = PBXBuildFile; fileRef = E522A1E12491748B006ADE19 /* StationDetailsRepository.swift */; };
		E522A1E4249175B9006ADE19 /* StationDetailsResponse.swift in Sources */ = {isa = PBXBuildFile; fileRef = E522A1E3249175B9006ADE19 /* StationDetailsResponse.swift */; };
		E522A1E624917618006ADE19 /* StationDetails.swift in Sources */ = {isa = PBXBuildFile; fileRef = E522A1E524917618006ADE19 /* StationDetails.swift */; };
		E522A1EA24917963006ADE19 /* StationDetailsViewController.swift in Sources */ = {isa = PBXBuildFile; fileRef = E522A1E824917963006ADE19 /* StationDetailsViewController.swift */; };
		E522A1EB24917963006ADE19 /* StationDetailsViewController.xib in Resources */ = {isa = PBXBuildFile; fileRef = E522A1E924917963006ADE19 /* StationDetailsViewController.xib */; };
		E5E0C9B8248F734900D2FA30 /* AppDelegate.swift in Sources */ = {isa = PBXBuildFile; fileRef = E5E0C9B7248F734900D2FA30 /* AppDelegate.swift */; };
		E5E0C9BA248F734900D2FA30 /* SceneDelegate.swift in Sources */ = {isa = PBXBuildFile; fileRef = E5E0C9B9248F734900D2FA30 /* SceneDelegate.swift */; };
		E5E0C9BF248F734900D2FA30 /* Main.storyboard in Resources */ = {isa = PBXBuildFile; fileRef = E5E0C9BD248F734900D2FA30 /* Main.storyboard */; };
		E5E0C9C1248F734A00D2FA30 /* Assets.xcassets in Resources */ = {isa = PBXBuildFile; fileRef = E5E0C9C0248F734A00D2FA30 /* Assets.xcassets */; };
		E5E0C9C4248F734A00D2FA30 /* LaunchScreen.storyboard in Resources */ = {isa = PBXBuildFile; fileRef = E5E0C9C2248F734A00D2FA30 /* LaunchScreen.storyboard */; };
		E5E0C9D9248FF65400D2FA30 /* BaseResponseObject.swift in Sources */ = {isa = PBXBuildFile; fileRef = E5E0C9D7248FF65400D2FA30 /* BaseResponseObject.swift */; };
		E5E0C9DA248FF65400D2FA30 /* URL+TrainSchedule.swift in Sources */ = {isa = PBXBuildFile; fileRef = E5E0C9D8248FF65400D2FA30 /* URL+TrainSchedule.swift */; };
		E5E0C9DF248FF65D00D2FA30 /* StationResponse.swift in Sources */ = {isa = PBXBuildFile; fileRef = E5E0C9DD248FF65D00D2FA30 /* StationResponse.swift */; };
		E5E0C9E0248FF65D00D2FA30 /* Station.swift in Sources */ = {isa = PBXBuildFile; fileRef = E5E0C9DE248FF65D00D2FA30 /* Station.swift */; };
		E5E0C9E22490015400D2FA30 /* String+Numbers.swift in Sources */ = {isa = PBXBuildFile; fileRef = E5E0C9E12490015400D2FA30 /* String+Numbers.swift */; };
		E5E0C9E72490D28D00D2FA30 /* TrainStationsViewController.swift in Sources */ = {isa = PBXBuildFile; fileRef = E5E0C9E52490D28D00D2FA30 /* TrainStationsViewController.swift */; };
		E5E0C9E82490D28D00D2FA30 /* TrainStationsViewController.xib in Resources */ = {isa = PBXBuildFile; fileRef = E5E0C9E62490D28D00D2FA30 /* TrainStationsViewController.xib */; };
		E5E0C9EB2490D6B100D2FA30 /* TabBarController.swift in Sources */ = {isa = PBXBuildFile; fileRef = E5E0C9EA2490D6B100D2FA30 /* TabBarController.swift */; };
		E5E0C9F02490DF8000D2FA30 /* TrainsViewController.swift in Sources */ = {isa = PBXBuildFile; fileRef = E5E0C9EE2490DF8000D2FA30 /* TrainsViewController.swift */; };
		E5E0C9F12490DF8000D2FA30 /* TrainsViewController.xib in Resources */ = {isa = PBXBuildFile; fileRef = E5E0C9EF2490DF8000D2FA30 /* TrainsViewController.xib */; };
		E5E0C9F32490E55800D2FA30 /* ReusableView.swift in Sources */ = {isa = PBXBuildFile; fileRef = E5E0C9F22490E55800D2FA30 /* ReusableView.swift */; };
		E5E0C9F52490E57B00D2FA30 /* BaseTableView.swift in Sources */ = {isa = PBXBuildFile; fileRef = E5E0C9F42490E57B00D2FA30 /* BaseTableView.swift */; };
		E5E0C9F92490E7FD00D2FA30 /* TrainStationTableCell.swift in Sources */ = {isa = PBXBuildFile; fileRef = E5E0C9F72490E7FD00D2FA30 /* TrainStationTableCell.swift */; };
		E5E0C9FA2490E7FD00D2FA30 /* TrainStationTableCell.xib in Resources */ = {isa = PBXBuildFile; fileRef = E5E0C9F82490E7FD00D2FA30 /* TrainStationTableCell.xib */; };
		E5E0C9FC2490E80500D2FA30 /* TrainStationTableView.swift in Sources */ = {isa = PBXBuildFile; fileRef = E5E0C9FB2490E80500D2FA30 /* TrainStationTableView.swift */; };
		E5E0CA002490E96900D2FA30 /* ReusableTableViewCell.swift in Sources */ = {isa = PBXBuildFile; fileRef = E5E0C9FF2490E96900D2FA30 /* ReusableTableViewCell.swift */; };
		E5E0CA022490EB7000D2FA30 /* TrainStationCellViewModel.swift in Sources */ = {isa = PBXBuildFile; fileRef = E5E0CA012490EB7000D2FA30 /* TrainStationCellViewModel.swift */; };
/* End PBXBuildFile section */

/* Begin PBXFileReference section */
		E522A1CB2491163C006ADE19 /* StationsRepository.swift */ = {isa = PBXFileReference; lastKnownFileType = sourcecode.swift; path = StationsRepository.swift; sourceTree = "<group>"; };
		E522A1CF24911A2C006ADE19 /* BaseViewController.swift */ = {isa = PBXFileReference; lastKnownFileType = sourcecode.swift; path = BaseViewController.swift; sourceTree = "<group>"; };
		E522A1D224911DB3006ADE19 /* TrainStationFilterViewController.swift */ = {isa = PBXFileReference; lastKnownFileType = sourcecode.swift; path = TrainStationFilterViewController.swift; sourceTree = "<group>"; };
		E522A1D324911DB3006ADE19 /* TrainStationFilterViewController.xib */ = {isa = PBXFileReference; lastKnownFileType = file.xib; path = TrainStationFilterViewController.xib; sourceTree = "<group>"; };
		E522A1DB24913439006ADE19 /* PickerView.swift */ = {isa = PBXFileReference; lastKnownFileType = sourcecode.swift; path = PickerView.swift; sourceTree = "<group>"; };
		E522A1DD24913449006ADE19 /* PickerView.xib */ = {isa = PBXFileReference; lastKnownFileType = file.xib; path = PickerView.xib; sourceTree = "<group>"; };
		E522A1DF24914345006ADE19 /* StationType.swift */ = {isa = PBXFileReference; lastKnownFileType = sourcecode.swift; path = StationType.swift; sourceTree = "<group>"; };
		E522A1E12491748B006ADE19 /* StationDetailsRepository.swift */ = {isa = PBXFileReference; lastKnownFileType = sourcecode.swift; path = StationDetailsRepository.swift; sourceTree = "<group>"; };
		E522A1E3249175B9006ADE19 /* StationDetailsResponse.swift */ = {isa = PBXFileReference; lastKnownFileType = sourcecode.swift; path = StationDetailsResponse.swift; sourceTree = "<group>"; };
		E522A1E524917618006ADE19 /* StationDetails.swift */ = {isa = PBXFileReference; lastKnownFileType = sourcecode.swift; path = StationDetails.swift; sourceTree = "<group>"; };
		E522A1E824917963006ADE19 /* StationDetailsViewController.swift */ = {isa = PBXFileReference; lastKnownFileType = sourcecode.swift; path = StationDetailsViewController.swift; sourceTree = "<group>"; };
		E522A1E924917963006ADE19 /* StationDetailsViewController.xib */ = {isa = PBXFileReference; lastKnownFileType = file.xib; path = StationDetailsViewController.xib; sourceTree = "<group>"; };
		E5E0C9B4248F734900D2FA30 /* TrainSchedule.app */ = {isa = PBXFileReference; explicitFileType = wrapper.application; includeInIndex = 0; path = TrainSchedule.app; sourceTree = BUILT_PRODUCTS_DIR; };
		E5E0C9B7248F734900D2FA30 /* AppDelegate.swift */ = {isa = PBXFileReference; lastKnownFileType = sourcecode.swift; path = AppDelegate.swift; sourceTree = "<group>"; };
		E5E0C9B9248F734900D2FA30 /* SceneDelegate.swift */ = {isa = PBXFileReference; lastKnownFileType = sourcecode.swift; path = SceneDelegate.swift; sourceTree = "<group>"; };
		E5E0C9BE248F734900D2FA30 /* Base */ = {isa = PBXFileReference; lastKnownFileType = file.storyboard; name = Base; path = Base.lproj/Main.storyboard; sourceTree = "<group>"; };
		E5E0C9C0248F734A00D2FA30 /* Assets.xcassets */ = {isa = PBXFileReference; lastKnownFileType = folder.assetcatalog; path = Assets.xcassets; sourceTree = "<group>"; };
		E5E0C9C3248F734A00D2FA30 /* Base */ = {isa = PBXFileReference; lastKnownFileType = file.storyboard; name = Base; path = Base.lproj/LaunchScreen.storyboard; sourceTree = "<group>"; };
		E5E0C9C5248F734A00D2FA30 /* Info.plist */ = {isa = PBXFileReference; lastKnownFileType = text.plist.xml; path = Info.plist; sourceTree = "<group>"; };
		E5E0C9D7248FF65400D2FA30 /* BaseResponseObject.swift */ = {isa = PBXFileReference; fileEncoding = 4; lastKnownFileType = sourcecode.swift; path = BaseResponseObject.swift; sourceTree = "<group>"; };
		E5E0C9D8248FF65400D2FA30 /* URL+TrainSchedule.swift */ = {isa = PBXFileReference; fileEncoding = 4; lastKnownFileType = sourcecode.swift; path = "URL+TrainSchedule.swift"; sourceTree = "<group>"; };
		E5E0C9DD248FF65D00D2FA30 /* StationResponse.swift */ = {isa = PBXFileReference; fileEncoding = 4; lastKnownFileType = sourcecode.swift; path = StationResponse.swift; sourceTree = "<group>"; };
		E5E0C9DE248FF65D00D2FA30 /* Station.swift */ = {isa = PBXFileReference; fileEncoding = 4; lastKnownFileType = sourcecode.swift; path = Station.swift; sourceTree = "<group>"; };
		E5E0C9E12490015400D2FA30 /* String+Numbers.swift */ = {isa = PBXFileReference; lastKnownFileType = sourcecode.swift; path = "String+Numbers.swift"; sourceTree = "<group>"; };
		E5E0C9E52490D28D00D2FA30 /* TrainStationsViewController.swift */ = {isa = PBXFileReference; lastKnownFileType = sourcecode.swift; path = TrainStationsViewController.swift; sourceTree = "<group>"; };
		E5E0C9E62490D28D00D2FA30 /* TrainStationsViewController.xib */ = {isa = PBXFileReference; lastKnownFileType = file.xib; path = TrainStationsViewController.xib; sourceTree = "<group>"; };
		E5E0C9EA2490D6B100D2FA30 /* TabBarController.swift */ = {isa = PBXFileReference; lastKnownFileType = sourcecode.swift; path = TabBarController.swift; sourceTree = "<group>"; };
		E5E0C9EE2490DF8000D2FA30 /* TrainsViewController.swift */ = {isa = PBXFileReference; lastKnownFileType = sourcecode.swift; path = TrainsViewController.swift; sourceTree = "<group>"; };
		E5E0C9EF2490DF8000D2FA30 /* TrainsViewController.xib */ = {isa = PBXFileReference; lastKnownFileType = file.xib; path = TrainsViewController.xib; sourceTree = "<group>"; };
		E5E0C9F22490E55800D2FA30 /* ReusableView.swift */ = {isa = PBXFileReference; lastKnownFileType = sourcecode.swift; path = ReusableView.swift; sourceTree = "<group>"; };
		E5E0C9F42490E57B00D2FA30 /* BaseTableView.swift */ = {isa = PBXFileReference; lastKnownFileType = sourcecode.swift; path = BaseTableView.swift; sourceTree = "<group>"; };
		E5E0C9F72490E7FD00D2FA30 /* TrainStationTableCell.swift */ = {isa = PBXFileReference; lastKnownFileType = sourcecode.swift; path = TrainStationTableCell.swift; sourceTree = "<group>"; };
		E5E0C9F82490E7FD00D2FA30 /* TrainStationTableCell.xib */ = {isa = PBXFileReference; lastKnownFileType = file.xib; path = TrainStationTableCell.xib; sourceTree = "<group>"; };
		E5E0C9FB2490E80500D2FA30 /* TrainStationTableView.swift */ = {isa = PBXFileReference; lastKnownFileType = sourcecode.swift; path = TrainStationTableView.swift; sourceTree = "<group>"; };
		E5E0C9FF2490E96900D2FA30 /* ReusableTableViewCell.swift */ = {isa = PBXFileReference; lastKnownFileType = sourcecode.swift; path = ReusableTableViewCell.swift; sourceTree = "<group>"; };
		E5E0CA012490EB7000D2FA30 /* TrainStationCellViewModel.swift */ = {isa = PBXFileReference; lastKnownFileType = sourcecode.swift; path = TrainStationCellViewModel.swift; sourceTree = "<group>"; };
/* End PBXFileReference section */

/* Begin PBXFrameworksBuildPhase section */
		E5E0C9B1248F734900D2FA30 /* Frameworks */ = {
			isa = PBXFrameworksBuildPhase;
			buildActionMask = 2147483647;
			files = (
			);
			runOnlyForDeploymentPostprocessing = 0;
		};
/* End PBXFrameworksBuildPhase section */

/* Begin PBXGroup section */
		E522A1CA24911623006ADE19 /* Repository */ = {
			isa = PBXGroup;
			children = (
				E522A1CB2491163C006ADE19 /* StationsRepository.swift */,
				E522A1E12491748B006ADE19 /* StationDetailsRepository.swift */,
			);
			path = Repository;
			sourceTree = "<group>";
		};
		E522A1D124911C09006ADE19 /* TrainStationFilterViewController */ = {
			isa = PBXGroup;
			children = (
				E522A1D224911DB3006ADE19 /* TrainStationFilterViewController.swift */,
				E522A1D324911DB3006ADE19 /* TrainStationFilterViewController.xib */,
			);
			path = TrainStationFilterViewController;
			sourceTree = "<group>";
		};
		E522A1D624913356006ADE19 /* PickerView */ = {
			isa = PBXGroup;
			children = (
				E522A1DB24913439006ADE19 /* PickerView.swift */,
				E522A1DD24913449006ADE19 /* PickerView.xib */,
			);
			path = PickerView;
			sourceTree = "<group>";
		};
		E522A1E72491794E006ADE19 /* StationDetailsViewController */ = {
			isa = PBXGroup;
			children = (
				E522A1E824917963006ADE19 /* StationDetailsViewController.swift */,
				E522A1E924917963006ADE19 /* StationDetailsViewController.xib */,
			);
			path = StationDetailsViewController;
			sourceTree = "<group>";
		};
		E5E0C9AB248F734900D2FA30 = {
			isa = PBXGroup;
			children = (
				E5E0C9B6248F734900D2FA30 /* TrainSchedule */,
				E5E0C9B5248F734900D2FA30 /* Products */,
			);
			sourceTree = "<group>";
		};
		E5E0C9B5248F734900D2FA30 /* Products */ = {
			isa = PBXGroup;
			children = (
				E5E0C9B4248F734900D2FA30 /* TrainSchedule.app */,
			);
			name = Products;
			sourceTree = "<group>";
		};
		E5E0C9B6248F734900D2FA30 /* TrainSchedule */ = {
			isa = PBXGroup;
			children = (
				E522A1CA24911623006ADE19 /* Repository */,
				E5E0C9E32490D26700D2FA30 /* ViewControllers */,
				E5E0C9DB248FF65D00D2FA30 /* Models */,
				E5E0C9CB248F9DD600D2FA30 /* Common */,
				E5E0C9EC2490DB5500D2FA30 /* SupportingFiles */,
				E5E0C9C5248F734A00D2FA30 /* Info.plist */,
				E5E0C9BD248F734900D2FA30 /* Main.storyboard */,
			);
			path = TrainSchedule;
			sourceTree = "<group>";
		};
		E5E0C9CB248F9DD600D2FA30 /* Common */ = {
			isa = PBXGroup;
			children = (
				E522A1D624913356006ADE19 /* PickerView */,
				E5E0C9D7248FF65400D2FA30 /* BaseResponseObject.swift */,
				E5E0C9D8248FF65400D2FA30 /* URL+TrainSchedule.swift */,
				E5E0C9E12490015400D2FA30 /* String+Numbers.swift */,
				E5E0C9F22490E55800D2FA30 /* ReusableView.swift */,
				E5E0C9F42490E57B00D2FA30 /* BaseTableView.swift */,
				E5E0C9FF2490E96900D2FA30 /* ReusableTableViewCell.swift */,
				E522A1CF24911A2C006ADE19 /* BaseViewController.swift */,
			);
			path = Common;
			sourceTree = "<group>";
		};
		E5E0C9DB248FF65D00D2FA30 /* Models */ = {
			isa = PBXGroup;
			children = (
				E5E0C9DC248FF65D00D2FA30 /* Response */,
				E5E0C9DE248FF65D00D2FA30 /* Station.swift */,
				E522A1DF24914345006ADE19 /* StationType.swift */,
				E522A1E524917618006ADE19 /* StationDetails.swift */,
			);
			path = Models;
			sourceTree = "<group>";
		};
		E5E0C9DC248FF65D00D2FA30 /* Response */ = {
			isa = PBXGroup;
			children = (
				E5E0C9DD248FF65D00D2FA30 /* StationResponse.swift */,
				E522A1E3249175B9006ADE19 /* StationDetailsResponse.swift */,
			);
			path = Response;
			sourceTree = "<group>";
		};
		E5E0C9E32490D26700D2FA30 /* ViewControllers */ = {
			isa = PBXGroup;
			children = (
				E522A1E72491794E006ADE19 /* StationDetailsViewController */,
				E522A1D124911C09006ADE19 /* TrainStationFilterViewController */,
				E5E0C9E92490D64A00D2FA30 /* TabBarController */,
				E5E0C9ED2490DF6800D2FA30 /* TrainsViewController */,
				E5E0C9E42490D27300D2FA30 /* TrainStationsViewController */,
			);
			path = ViewControllers;
			sourceTree = "<group>";
		};
		E5E0C9E42490D27300D2FA30 /* TrainStationsViewController */ = {
			isa = PBXGroup;
			children = (
				E5E0C9F62490E7CE00D2FA30 /* TrainStationTableView */,
				E5E0C9E52490D28D00D2FA30 /* TrainStationsViewController.swift */,
				E5E0C9E62490D28D00D2FA30 /* TrainStationsViewController.xib */,
			);
			path = TrainStationsViewController;
			sourceTree = "<group>";
		};
		E5E0C9E92490D64A00D2FA30 /* TabBarController */ = {
			isa = PBXGroup;
			children = (
				E5E0C9EA2490D6B100D2FA30 /* TabBarController.swift */,
			);
			path = TabBarController;
			sourceTree = "<group>";
		};
		E5E0C9EC2490DB5500D2FA30 /* SupportingFiles */ = {
			isa = PBXGroup;
			children = (
				E5E0C9C0248F734A00D2FA30 /* Assets.xcassets */,
				E5E0C9C2248F734A00D2FA30 /* LaunchScreen.storyboard */,
				E5E0C9B7248F734900D2FA30 /* AppDelegate.swift */,
				E5E0C9B9248F734900D2FA30 /* SceneDelegate.swift */,
			);
			path = SupportingFiles;
			sourceTree = "<group>";
		};
		E5E0C9ED2490DF6800D2FA30 /* TrainsViewController */ = {
			isa = PBXGroup;
			children = (
				E5E0C9EE2490DF8000D2FA30 /* TrainsViewController.swift */,
				E5E0C9EF2490DF8000D2FA30 /* TrainsViewController.xib */,
			);
			path = TrainsViewController;
			sourceTree = "<group>";
		};
		E5E0C9F62490E7CE00D2FA30 /* TrainStationTableView */ = {
			isa = PBXGroup;
			children = (
				E5E0C9FB2490E80500D2FA30 /* TrainStationTableView.swift */,
				E5E0C9FD2490E80C00D2FA30 /* TrainStationTableCell */,
			);
			path = TrainStationTableView;
			sourceTree = "<group>";
		};
		E5E0C9FD2490E80C00D2FA30 /* TrainStationTableCell */ = {
			isa = PBXGroup;
			children = (
				E5E0C9F72490E7FD00D2FA30 /* TrainStationTableCell.swift */,
				E5E0C9F82490E7FD00D2FA30 /* TrainStationTableCell.xib */,
				E5E0CA012490EB7000D2FA30 /* TrainStationCellViewModel.swift */,
			);
			path = TrainStationTableCell;
			sourceTree = "<group>";
		};
/* End PBXGroup section */

/* Begin PBXNativeTarget section */
		E5E0C9B3248F734900D2FA30 /* TrainSchedule */ = {
			isa = PBXNativeTarget;
			buildConfigurationList = E5E0C9C8248F734A00D2FA30 /* Build configuration list for PBXNativeTarget "TrainSchedule" */;
			buildPhases = (
				E5E0C9B0248F734900D2FA30 /* Sources */,
				E5E0C9B1248F734900D2FA30 /* Frameworks */,
				E5E0C9B2248F734900D2FA30 /* Resources */,
			);
			buildRules = (
			);
			dependencies = (
			);
			name = TrainSchedule;
			productName = TrainSchedule;
			productReference = E5E0C9B4248F734900D2FA30 /* TrainSchedule.app */;
			productType = "com.apple.product-type.application";
		};
/* End PBXNativeTarget section */

/* Begin PBXProject section */
		E5E0C9AC248F734900D2FA30 /* Project object */ = {
			isa = PBXProject;
			attributes = {
				LastSwiftUpdateCheck = 1140;
				LastUpgradeCheck = 1140;
				ORGANIZATIONNAME = "Stanislav Kostov";
				TargetAttributes = {
					E5E0C9B3248F734900D2FA30 = {
						CreatedOnToolsVersion = 11.4.1;
					};
				};
			};
			buildConfigurationList = E5E0C9AF248F734900D2FA30 /* Build configuration list for PBXProject "TrainSchedule" */;
			compatibilityVersion = "Xcode 9.3";
			developmentRegion = en;
			hasScannedForEncodings = 0;
			knownRegions = (
				en,
				Base,
			);
			mainGroup = E5E0C9AB248F734900D2FA30;
			productRefGroup = E5E0C9B5248F734900D2FA30 /* Products */;
			projectDirPath = "";
			projectRoot = "";
			targets = (
				E5E0C9B3248F734900D2FA30 /* TrainSchedule */,
			);
		};
/* End PBXProject section */

/* Begin PBXResourcesBuildPhase section */
		E5E0C9B2248F734900D2FA30 /* Resources */ = {
			isa = PBXResourcesBuildPhase;
			buildActionMask = 2147483647;
			files = (
				E522A1DE24913449006ADE19 /* PickerView.xib in Resources */,
				E5E0C9C4248F734A00D2FA30 /* LaunchScreen.storyboard in Resources */,
				E5E0C9F12490DF8000D2FA30 /* TrainsViewController.xib in Resources */,
				E5E0C9C1248F734A00D2FA30 /* Assets.xcassets in Resources */,
				E5E0C9E82490D28D00D2FA30 /* TrainStationsViewController.xib in Resources */,
				E522A1D524911DB3006ADE19 /* TrainStationFilterViewController.xib in Resources */,
				E5E0C9FA2490E7FD00D2FA30 /* TrainStationTableCell.xib in Resources */,
				E522A1EB24917963006ADE19 /* StationDetailsViewController.xib in Resources */,
				E5E0C9BF248F734900D2FA30 /* Main.storyboard in Resources */,
			);
			runOnlyForDeploymentPostprocessing = 0;
		};
/* End PBXResourcesBuildPhase section */

/* Begin PBXSourcesBuildPhase section */
		E5E0C9B0248F734900D2FA30 /* Sources */ = {
			isa = PBXSourcesBuildPhase;
			buildActionMask = 2147483647;
			files = (
				E522A1EA24917963006ADE19 /* StationDetailsViewController.swift in Sources */,
				E522A1D424911DB3006ADE19 /* TrainStationFilterViewController.swift in Sources */,
				E5E0C9F92490E7FD00D2FA30 /* TrainStationTableCell.swift in Sources */,
				E5E0C9D9248FF65400D2FA30 /* BaseResponseObject.swift in Sources */,
				E5E0C9E72490D28D00D2FA30 /* TrainStationsViewController.swift in Sources */,
				E522A1CC2491163C006ADE19 /* StationsRepository.swift in Sources */,
				E5E0CA002490E96900D2FA30 /* ReusableTableViewCell.swift in Sources */,
				E522A1D024911A2C006ADE19 /* BaseViewController.swift in Sources */,
				E522A1E22491748B006ADE19 /* StationDetailsRepository.swift in Sources */,
				E5E0C9EB2490D6B100D2FA30 /* TabBarController.swift in Sources */,
				E522A1DC24913439006ADE19 /* PickerView.swift in Sources */,
				E5E0C9DA248FF65400D2FA30 /* URL+TrainSchedule.swift in Sources */,
				E5E0CA022490EB7000D2FA30 /* TrainStationCellViewModel.swift in Sources */,
				E5E0C9F52490E57B00D2FA30 /* BaseTableView.swift in Sources */,
				E522A1E4249175B9006ADE19 /* StationDetailsResponse.swift in Sources */,
				E5E0C9F32490E55800D2FA30 /* ReusableView.swift in Sources */,
				E522A1E624917618006ADE19 /* StationDetails.swift in Sources */,
				E5E0C9FC2490E80500D2FA30 /* TrainStationTableView.swift in Sources */,
				E5E0C9B8248F734900D2FA30 /* AppDelegate.swift in Sources */,
				E5E0C9F02490DF8000D2FA30 /* TrainsViewController.swift in Sources */,
				E5E0C9BA248F734900D2FA30 /* SceneDelegate.swift in Sources */,
				E5E0C9E22490015400D2FA30 /* String+Numbers.swift in Sources */,
				E5E0C9DF248FF65D00D2FA30 /* StationResponse.swift in Sources */,
				E522A1E024914345006ADE19 /* StationType.swift in Sources */,
				E5E0C9E0248FF65D00D2FA30 /* Station.swift in Sources */,
			);
			runOnlyForDeploymentPostprocessing = 0;
		};
/* End PBXSourcesBuildPhase section */

/* Begin PBXVariantGroup section */
		E5E0C9BD248F734900D2FA30 /* Main.storyboard */ = {
			isa = PBXVariantGroup;
			children = (
				E5E0C9BE248F734900D2FA30 /* Base */,
			);
			name = Main.storyboard;
			sourceTree = "<group>";
		};
		E5E0C9C2248F734A00D2FA30 /* LaunchScreen.storyboard */ = {
			isa = PBXVariantGroup;
			children = (
				E5E0C9C3248F734A00D2FA30 /* Base */,
			);
			name = LaunchScreen.storyboard;
			sourceTree = "<group>";
		};
/* End PBXVariantGroup section */

/* Begin XCBuildConfiguration section */
		E5E0C9C6248F734A00D2FA30 /* Debug */ = {
			isa = XCBuildConfiguration;
			buildSettings = {
				ALWAYS_SEARCH_USER_PATHS = NO;
				CLANG_ANALYZER_NONNULL = YES;
				CLANG_ANALYZER_NUMBER_OBJECT_CONVERSION = YES_AGGRESSIVE;
				CLANG_CXX_LANGUAGE_STANDARD = "gnu++14";
				CLANG_CXX_LIBRARY = "libc++";
				CLANG_ENABLE_MODULES = YES;
				CLANG_ENABLE_OBJC_ARC = YES;
				CLANG_ENABLE_OBJC_WEAK = YES;
				CLANG_WARN_BLOCK_CAPTURE_AUTORELEASING = YES;
				CLANG_WARN_BOOL_CONVERSION = YES;
				CLANG_WARN_COMMA = YES;
				CLANG_WARN_CONSTANT_CONVERSION = YES;
				CLANG_WARN_DEPRECATED_OBJC_IMPLEMENTATIONS = YES;
				CLANG_WARN_DIRECT_OBJC_ISA_USAGE = YES_ERROR;
				CLANG_WARN_DOCUMENTATION_COMMENTS = YES;
				CLANG_WARN_EMPTY_BODY = YES;
				CLANG_WARN_ENUM_CONVERSION = YES;
				CLANG_WARN_INFINITE_RECURSION = YES;
				CLANG_WARN_INT_CONVERSION = YES;
				CLANG_WARN_NON_LITERAL_NULL_CONVERSION = YES;
				CLANG_WARN_OBJC_IMPLICIT_RETAIN_SELF = YES;
				CLANG_WARN_OBJC_LITERAL_CONVERSION = YES;
				CLANG_WARN_OBJC_ROOT_CLASS = YES_ERROR;
				CLANG_WARN_RANGE_LOOP_ANALYSIS = YES;
				CLANG_WARN_STRICT_PROTOTYPES = YES;
				CLANG_WARN_SUSPICIOUS_MOVE = YES;
				CLANG_WARN_UNGUARDED_AVAILABILITY = YES_AGGRESSIVE;
				CLANG_WARN_UNREACHABLE_CODE = YES;
				CLANG_WARN__DUPLICATE_METHOD_MATCH = YES;
				COPY_PHASE_STRIP = NO;
				DEBUG_INFORMATION_FORMAT = dwarf;
				ENABLE_STRICT_OBJC_MSGSEND = YES;
				ENABLE_TESTABILITY = YES;
				GCC_C_LANGUAGE_STANDARD = gnu11;
				GCC_DYNAMIC_NO_PIC = NO;
				GCC_NO_COMMON_BLOCKS = YES;
				GCC_OPTIMIZATION_LEVEL = 0;
				GCC_PREPROCESSOR_DEFINITIONS = (
					"DEBUG=1",
					"$(inherited)",
				);
				GCC_WARN_64_TO_32_BIT_CONVERSION = YES;
				GCC_WARN_ABOUT_RETURN_TYPE = YES_ERROR;
				GCC_WARN_UNDECLARED_SELECTOR = YES;
				GCC_WARN_UNINITIALIZED_AUTOS = YES_AGGRESSIVE;
				GCC_WARN_UNUSED_FUNCTION = YES;
				GCC_WARN_UNUSED_VARIABLE = YES;
				IPHONEOS_DEPLOYMENT_TARGET = 13.4;
				MTL_ENABLE_DEBUG_INFO = INCLUDE_SOURCE;
				MTL_FAST_MATH = YES;
				ONLY_ACTIVE_ARCH = YES;
				SDKROOT = iphoneos;
				SWIFT_ACTIVE_COMPILATION_CONDITIONS = DEBUG;
				SWIFT_OPTIMIZATION_LEVEL = "-Onone";
			};
			name = Debug;
		};
		E5E0C9C7248F734A00D2FA30 /* Release */ = {
			isa = XCBuildConfiguration;
			buildSettings = {
				ALWAYS_SEARCH_USER_PATHS = NO;
				CLANG_ANALYZER_NONNULL = YES;
				CLANG_ANALYZER_NUMBER_OBJECT_CONVERSION = YES_AGGRESSIVE;
				CLANG_CXX_LANGUAGE_STANDARD = "gnu++14";
				CLANG_CXX_LIBRARY = "libc++";
				CLANG_ENABLE_MODULES = YES;
				CLANG_ENABLE_OBJC_ARC = YES;
				CLANG_ENABLE_OBJC_WEAK = YES;
				CLANG_WARN_BLOCK_CAPTURE_AUTORELEASING = YES;
				CLANG_WARN_BOOL_CONVERSION = YES;
				CLANG_WARN_COMMA = YES;
				CLANG_WARN_CONSTANT_CONVERSION = YES;
				CLANG_WARN_DEPRECATED_OBJC_IMPLEMENTATIONS = YES;
				CLANG_WARN_DIRECT_OBJC_ISA_USAGE = YES_ERROR;
				CLANG_WARN_DOCUMENTATION_COMMENTS = YES;
				CLANG_WARN_EMPTY_BODY = YES;
				CLANG_WARN_ENUM_CONVERSION = YES;
				CLANG_WARN_INFINITE_RECURSION = YES;
				CLANG_WARN_INT_CONVERSION = YES;
				CLANG_WARN_NON_LITERAL_NULL_CONVERSION = YES;
				CLANG_WARN_OBJC_IMPLICIT_RETAIN_SELF = YES;
				CLANG_WARN_OBJC_LITERAL_CONVERSION = YES;
				CLANG_WARN_OBJC_ROOT_CLASS = YES_ERROR;
				CLANG_WARN_RANGE_LOOP_ANALYSIS = YES;
				CLANG_WARN_STRICT_PROTOTYPES = YES;
				CLANG_WARN_SUSPICIOUS_MOVE = YES;
				CLANG_WARN_UNGUARDED_AVAILABILITY = YES_AGGRESSIVE;
				CLANG_WARN_UNREACHABLE_CODE = YES;
				CLANG_WARN__DUPLICATE_METHOD_MATCH = YES;
				COPY_PHASE_STRIP = NO;
				DEBUG_INFORMATION_FORMAT = "dwarf-with-dsym";
				ENABLE_NS_ASSERTIONS = NO;
				ENABLE_STRICT_OBJC_MSGSEND = YES;
				GCC_C_LANGUAGE_STANDARD = gnu11;
				GCC_NO_COMMON_BLOCKS = YES;
				GCC_WARN_64_TO_32_BIT_CONVERSION = YES;
				GCC_WARN_ABOUT_RETURN_TYPE = YES_ERROR;
				GCC_WARN_UNDECLARED_SELECTOR = YES;
				GCC_WARN_UNINITIALIZED_AUTOS = YES_AGGRESSIVE;
				GCC_WARN_UNUSED_FUNCTION = YES;
				GCC_WARN_UNUSED_VARIABLE = YES;
				IPHONEOS_DEPLOYMENT_TARGET = 13.4;
				MTL_ENABLE_DEBUG_INFO = NO;
				MTL_FAST_MATH = YES;
				SDKROOT = iphoneos;
				SWIFT_COMPILATION_MODE = wholemodule;
				SWIFT_OPTIMIZATION_LEVEL = "-O";
				VALIDATE_PRODUCT = YES;
			};
			name = Release;
		};
		E5E0C9C9248F734A00D2FA30 /* Debug */ = {
			isa = XCBuildConfiguration;
			buildSettings = {
				ASSETCATALOG_COMPILER_APPICON_NAME = AppIcon;
				CODE_SIGN_STYLE = Automatic;
				INFOPLIST_FILE = TrainSchedule/Info.plist;
				LD_RUNPATH_SEARCH_PATHS = (
					"$(inherited)",
					"@executable_path/Frameworks",
				);
				PRODUCT_BUNDLE_IDENTIFIER = com.s.kostov.TrainSchedule;
				PRODUCT_NAME = "$(TARGET_NAME)";
				SWIFT_VERSION = 5.0;
				TARGETED_DEVICE_FAMILY = 1;
			};
			name = Debug;
		};
		E5E0C9CA248F734A00D2FA30 /* Release */ = {
			isa = XCBuildConfiguration;
			buildSettings = {
				ASSETCATALOG_COMPILER_APPICON_NAME = AppIcon;
				CODE_SIGN_STYLE = Automatic;
				INFOPLIST_FILE = TrainSchedule/Info.plist;
				LD_RUNPATH_SEARCH_PATHS = (
					"$(inherited)",
					"@executable_path/Frameworks",
				);
				PRODUCT_BUNDLE_IDENTIFIER = com.s.kostov.TrainSchedule;
				PRODUCT_NAME = "$(TARGET_NAME)";
				SWIFT_VERSION = 5.0;
				TARGETED_DEVICE_FAMILY = 1;
			};
			name = Release;
		};
/* End XCBuildConfiguration section */

/* Begin XCConfigurationList section */
		E5E0C9AF248F734900D2FA30 /* Build configuration list for PBXProject "TrainSchedule" */ = {
			isa = XCConfigurationList;
			buildConfigurations = (
				E5E0C9C6248F734A00D2FA30 /* Debug */,
				E5E0C9C7248F734A00D2FA30 /* Release */,
			);
			defaultConfigurationIsVisible = 0;
			defaultConfigurationName = Release;
		};
		E5E0C9C8248F734A00D2FA30 /* Build configuration list for PBXNativeTarget "TrainSchedule" */ = {
			isa = XCConfigurationList;
			buildConfigurations = (
				E5E0C9C9248F734A00D2FA30 /* Debug */,
				E5E0C9CA248F734A00D2FA30 /* Release */,
			);
			defaultConfigurationIsVisible = 0;
			defaultConfigurationName = Release;
		};
/* End XCConfigurationList section */
	};
	rootObject = E5E0C9AC248F734900D2FA30 /* Project object */;
}
